{
  "requires": true,
  "lockfileVersion": 1,
  "dependencies": {
    "easytimer.js": {
      "version": "2.2.1",
      "resolved": "https://registry.npmjs.org/easytimer.js/-/easytimer.js-2.2.1.tgz",
      "integrity": "sha512-rUOEEP7A2CZSgrhxC+xlmKdGDNYvDrwiQ08ZzNdgWTa2gFcAZ9PmsM1yHN2Zty3eyVnz7HzG1w89xzeL8x1aWQ=="
    }
  }
}
